
Microsoft Visual Studio Solution File, Format Version 12.00
# Visual Studio 15
VisualStudioVersion = 15.0.34829.251
MinimumVisualStudioVersion = 10.0.40219.1
Project("{FAE04EC0-301F-11D3-BF4B-00C04F79EFBC}") = "WebApplication6", "WebApplication6\WebApplication6.csproj", "{713D5C7A-D2A6-4927-BED4-854B79979965}"
EndProject
Global
	GlobalSection(SolutionConfigurationPlatforms) = preSolution
		Debug|Any CPU = Debug|Any CPU
		Release|Any CPU = Release|Any CPU
	EndGlobalSection
	GlobalSection(ProjectConfigurationPlatforms) = postSolution
		{713D5C7A-D2A6-4927-BED4-854B79979965}.Debug|Any CPU.ActiveCfg = Debug|Any CPU
		{713D5C7A-D2A6-4927-BED4-854B79979965}.Debug|Any CPU.Build.0 = Debug|Any CPU
		{713D5C7A-D2A6-4927-BED4-854B79979965}.Release|Any CPU.ActiveCfg = Release|Any CPU
		{713D5C7A-D2A6-4927-BED4-854B79979965}.Release|Any CPU.Build.0 = Release|Any CPU
	EndGlobalSection
	GlobalSection(SolutionProperties) = preSolution
		HideSolutionNode = FALSE
	EndGlobalSection
	GlobalSection(ExtensibilityGlobals) = postSolution
		SolutionGuid = {BE3A99A4-26A0-4860-99CD-C718E34BBE40}
	EndGlobalSection
EndGlobal
