
Microsoft Visual Studio Solution File, Format Version 12.00
# Visual Studio 15
VisualStudioVersion = 15.0.34829.251
MinimumVisualStudioVersion = 10.0.40219.1
Project("{FAE04EC0-301F-11D3-BF4B-00C04F79EFBC}") = "StateMangMVC", "StateMangMVC\StateMangMVC.csproj", "{BB21870D-E0F0-4D64-9177-A32C5978E9F6}"
EndProject
Global
	GlobalSection(SolutionConfigurationPlatforms) = preSolution
		Debug|Any CPU = Debug|Any CPU
		Release|Any CPU = Release|Any CPU
	EndGlobalSection
	GlobalSection(ProjectConfigurationPlatforms) = postSolution
		{BB21870D-E0F0-4D64-9177-A32C5978E9F6}.Debug|Any CPU.ActiveCfg = Debug|Any CPU
		{BB21870D-E0F0-4D64-9177-A32C5978E9F6}.Debug|Any CPU.Build.0 = Debug|Any CPU
		{BB21870D-E0F0-4D64-9177-A32C5978E9F6}.Release|Any CPU.ActiveCfg = Release|Any CPU
		{BB21870D-E0F0-4D64-9177-A32C5978E9F6}.Release|Any CPU.Build.0 = Release|Any CPU
	EndGlobalSection
	GlobalSection(SolutionProperties) = preSolution
		HideSolutionNode = FALSE
	EndGlobalSection
	GlobalSection(ExtensibilityGlobals) = postSolution
		SolutionGuid = {791FE8E4-6F7F-4BBE-BB1F-3E5FD6D50A22}
	EndGlobalSection
EndGlobal
