
Microsoft Visual Studio Solution File, Format Version 12.00
# Visual Studio Version 17
VisualStudioVersion = 17.8.34330.188
MinimumVisualStudioVersion = 10.0.40219.1
Project("{FAE04EC0-301F-11D3-BF4B-00C04F79EFBC}") = "WebApplication1", "WebApplication1.csproj", "{274ED81E-8983-48DE-BC25-2A57D9EF78BE}"
EndProject
Global
	GlobalSection(SolutionConfigurationPlatforms) = preSolution
		Debug|Any CPU = Debug|Any CPU
		Release|Any CPU = Release|Any CPU
	EndGlobalSection
	GlobalSection(ProjectConfigurationPlatforms) = postSolution
		{274ED81E-8983-48DE-BC25-2A57D9EF78BE}.Debug|Any CPU.ActiveCfg = Debug|Any CPU
		{274ED81E-8983-48DE-BC25-2A57D9EF78BE}.Debug|Any CPU.Build.0 = Debug|Any CPU
		{274ED81E-8983-48DE-BC25-2A57D9EF78BE}.Release|Any CPU.ActiveCfg = Release|Any CPU
		{274ED81E-8983-48DE-BC25-2A57D9EF78BE}.Release|Any CPU.Build.0 = Release|Any CPU
	EndGlobalSection
	GlobalSection(SolutionProperties) = preSolution
		HideSolutionNode = FALSE
	EndGlobalSection
	GlobalSection(ExtensibilityGlobals) = postSolution
		SolutionGuid = {96BB2D8C-6F8B-4E8B-BB84-F25B3532B41C}
	EndGlobalSection
EndGlobal
